
Microsoft Visual Studio Solution File, Format Version 12.00
# Visual Studio 15
VisualStudioVersion = 15.0.28010.2026
MinimumVisualStudioVersion = 10.0.40219.1
Project("{FAE04EC0-301F-11D3-BF4B-00C04F79EFBC}") = "ProductCatalog", "ProductCatalog\ProductCatalog.csproj", "{FD694ECC-F15C-4A54-851A-48B9D0F0E944}"
EndProject
Global
	GlobalSection(SolutionConfigurationPlatforms) = preSolution
		Debug|Any CPU = Debug|Any CPU
		Release|Any CPU = Release|Any CPU
	EndGlobalSection
	GlobalSection(ProjectConfigurationPlatforms) = postSolution
		{FD694ECC-F15C-4A54-851A-48B9D0F0E944}.Debug|Any CPU.ActiveCfg = Debug|Any CPU
		{FD694ECC-F15C-4A54-851A-48B9D0F0E944}.Debug|Any CPU.Build.0 = Debug|Any CPU
		{FD694ECC-F15C-4A54-851A-48B9D0F0E944}.Release|Any CPU.ActiveCfg = Release|Any CPU
		{FD694ECC-F15C-4A54-851A-48B9D0F0E944}.Release|Any CPU.Build.0 = Release|Any CPU
	EndGlobalSection
	GlobalSection(SolutionProperties) = preSolution
		HideSolutionNode = FALSE
	EndGlobalSection
	GlobalSection(ExtensibilityGlobals) = postSolution
		SolutionGuid = {71109EBF-937A-4BA0-8B82-CA8C12F0A41E}
	EndGlobalSection
EndGlobal
